# generated by rye
# use `rye lock` or `rye sync` to update this lockfile
#
# last locked with the following flags:
#   pre: false
#   features: []
#   all-features: false
#   with-sources: false
#   generate-hashes: false

-e file:.
antlr4-python3-runtime==4.9.3
    # via hydra-core
    # via omegaconf
appnope==0.1.4
    # via ipykernel
asttokens==2.4.1
    # via stack-data
comm==0.2.2
    # via ipykernel
debugpy==1.8.1
    # via ipykernel
decorator==5.1.1
    # via ipython
executing==2.0.1
    # via stack-data
hydra-core==1.3.2
    # via workspace
iniconfig==2.0.0
    # via pytest
ipykernel==6.29.4
    # via workspace
ipython==8.23.0
    # via ipykernel
jedi==0.19.1
    # via ipython
joblib==1.4.2
    # via scikit-learn
jupyter-client==8.6.1
    # via ipykernel
jupyter-core==5.7.2
    # via ipykernel
    # via jupyter-client
lightgbm==4.5.0
    # via workspace
matplotlib-inline==0.1.7
    # via ipykernel
    # via ipython
mypy==1.10.1
mypy-extensions==1.0.0
    # via mypy
nest-asyncio==1.6.0
    # via ipykernel
numpy==1.26.4
    # via lightgbm
    # via scikit-learn
    # via scipy
    # via workspace
omegaconf==2.3.0
    # via hydra-core
packaging==24.0
    # via hydra-core
    # via ipykernel
    # via pytest
parso==0.8.4
    # via jedi
pexpect==4.9.0
    # via ipython
platformdirs==4.2.0
    # via jupyter-core
pluggy==1.5.0
    # via pytest
polars==1.5.0
    # via workspace
prompt-toolkit==3.0.43
    # via ipython
psutil==5.9.8
    # via ipykernel
ptyprocess==0.7.0
    # via pexpect
pure-eval==0.2.2
    # via stack-data
pygments==2.17.2
    # via ipython
pytest==8.2.2
python-dateutil==2.9.0.post0
    # via jupyter-client
pyyaml==6.0.1
    # via omegaconf
pyzmq==26.0.2
    # via ipykernel
    # via jupyter-client
ruff==0.5.1
scikit-learn==1.5.1
    # via workspace
scipy==1.14.1
    # via lightgbm
    # via scikit-learn
six==1.16.0
    # via asttokens
    # via python-dateutil
stack-data==0.6.3
    # via ipython
threadpoolctl==3.5.0
    # via scikit-learn
tornado==6.4
    # via ipykernel
    # via jupyter-client
traitlets==5.14.3
    # via comm
    # via ipykernel
    # via ipython
    # via jupyter-client
    # via jupyter-core
    # via matplotlib-inline
typing-extensions==4.11.0
    # via ipython
    # via mypy
wcwidth==0.2.13
    # via prompt-toolkit
